# This file was autogenerated by Stack.
# You should not edit this file by hand.
# For more information, please see the documentation at:
#   https://docs.haskellstack.org/en/stable/lock_files

packages:
- completed:
    hackage: int-like-0.1.2@sha256:447b8bc1a137884e178067376df20a1477ebfc753e0336a97ddb91e03dc9ec78,3081
    pantry-tree:
      sha256: d3fd5a5c04278ea29b78d60a52db1be7e8b7d2af6caccb4868260665066633f8
      size: 510
  original:
    hackage: int-like-0.1.2
- completed:
    hackage: prop-unit-0.1.2@sha256:900ca80facbae8c5927f5aa2bb1fac461d49ea6e0c9b74e1767a7920f7d04c7c,2946
    pantry-tree:
      sha256: 4be699532e4ba5950df273d0ab94b65ef4dab71d6f49ca411b010c8d923c999c
      size: 263
  original:
    hackage: prop-unit-0.1.2
snapshots:
- completed:
    sha256: 7d4b649cf368f9076d8aa049aa44efe58950971d105892734e9957b2a26a2186
    size: 640060
    url: https://raw.githubusercontent.com/commercialhaskell/stackage-snapshots/master/lts/21/21.yaml
  original: lts-21.21
