# This file was autogenerated by Stack.
# You should not edit this file by hand.
# For more information, please see the documentation at:
#   https://docs.haskellstack.org/en/stable/lock_files

packages:
- completed:
    name: int-like
    version: 0.1.0
    git: git@github.com:ejconlon/int-like.git
    pantry-tree:
      size: 1134
      sha256: eb8c6164e68d71ca83757cf63b79015847341c2165c34ba412eccffabd973d7f
    commit: c277da03d6e0b61280f67169c4dc6219a2578faa
  original:
    git: git@github.com:ejconlon/int-like.git
    commit: c277da03d6e0b61280f67169c4dc6219a2578faa
- completed:
    name: prop-unit
    version: 0.1.0
    git: git@github.com:ejconlon/prop-unit.git
    pantry-tree:
      size: 840
      sha256: 099ec2bde5af2374b4c1a9a57800031c3168cf51262330327897f9d21f9b1340
    commit: 167f919ee66dc2f6f17b9ad952be3921779789ea
  original:
    git: git@github.com:ejconlon/prop-unit.git
    commit: 167f919ee66dc2f6f17b9ad952be3921779789ea
- completed:
    name: unfree
    version: 0.1.0
    git: git@github.com:ejconlon/unfree.git
    pantry-tree:
      size: 882
      sha256: 784eafe8da10687e79f86d1764bee7a961761880309c3999afdecd9a0e6e9fac
    commit: c4eaee614c8a62d8c489dbdc9806db7c735435db
  original:
    git: git@github.com:ejconlon/unfree.git
    commit: c4eaee614c8a62d8c489dbdc9806db7c735435db
snapshots:
- completed:
    size: 618952
    url: https://raw.githubusercontent.com/commercialhaskell/stackage-snapshots/master/lts/19/15.yaml
    sha256: 82e5ccb47b068521de4055034e8aa278eab430b586881d9cc29ba8b382ce3253
  original: lts-19.15
